
Microsoft Visual Studio Solution File, Format Version 11.00
# Visual Studio 2010
Project("{FAE04EC0-301F-11D3-BF4B-00C04F79EFBC}") = "dimples", "dimples\dimples.csproj", "{2DA26FFC-D915-44C6-A829-CEF5F98CB24F}"
EndProject
Global
	GlobalSection(SolutionConfigurationPlatforms) = preSolution
		Debug|Any CPU = Debug|Any CPU
		Release|Any CPU = Release|Any CPU
	EndGlobalSection
	GlobalSection(ProjectConfigurationPlatforms) = postSolution
		{2DA26FFC-D915-44C6-A829-CEF5F98CB24F}.Debug|Any CPU.ActiveCfg = Debug|Any CPU
		{2DA26FFC-D915-44C6-A829-CEF5F98CB24F}.Debug|Any CPU.Build.0 = Debug|Any CPU
		{2DA26FFC-D915-44C6-A829-CEF5F98CB24F}.Release|Any CPU.ActiveCfg = Release|Any CPU
		{2DA26FFC-D915-44C6-A829-CEF5F98CB24F}.Release|Any CPU.Build.0 = Release|Any CPU
	EndGlobalSection
	GlobalSection(MonoDevelopProperties) = preSolution
		StartupItem = dimples\dimples.csproj
	EndGlobalSection
EndGlobal
